// !$*UTF8*$!
{
	archiveVersion = 1;
	classes = {
	};
	objectVersion = 56;
	objects = {

/* Begin PBXBuildFile section */
		28AB5AFB2B480E6E00CB4240 /* TitleViewModel.swift in Sources */ = {isa = PBXBuildFile; fileRef = 28AB5AFA2B480E6E00CB4240 /* TitleViewModel.swift */; };
		28AB5AFD2B480EC400CB4240 /* User.swift in Sources */ = {isa = PBXBuildFile; fileRef = 28AB5AFC2B480EC400CB4240 /* User.swift */; };
		28AB5AFF2B480ED500CB4240 /* Chat.swift in Sources */ = {isa = PBXBuildFile; fileRef = 28AB5AFE2B480ED500CB4240 /* Chat.swift */; };
		28AB5B012B480EF000CB4240 /* Message.swift in Sources */ = {isa = PBXBuildFile; fileRef = 28AB5B002B480EF000CB4240 /* Message.swift */; };
		28AB5B032B4836FF00CB4240 /* Settings.plist in Resources */ = {isa = PBXBuildFile; fileRef = 28AB5B022B4836FF00CB4240 /* Settings.plist */; };
		28AB5B072B52BB5B00CB4240 /* ChatView.swift in Sources */ = {isa = PBXBuildFile; fileRef = 28AB5B062B52BB5B00CB4240 /* ChatView.swift */; };
		28AB5B092B52C0B800CB4240 /* MessageRow.swift in Sources */ = {isa = PBXBuildFile; fileRef = 28AB5B082B52C0B700CB4240 /* MessageRow.swift */; };
		28C7D9252B6265F600410D9A /* HomeView.swift in Sources */ = {isa = PBXBuildFile; fileRef = 28C7D9242B6265F600410D9A /* HomeView.swift */; };
		28C7D9272B62661400410D9A /* TimeLineView.swift in Sources */ = {isa = PBXBuildFile; fileRef = 28C7D9262B62661400410D9A /* TimeLineView.swift */; };
		28C7D9292B628C6C00410D9A /* TabView.swift in Sources */ = {isa = PBXBuildFile; fileRef = 28C7D9282B628C6C00410D9A /* TabView.swift */; };
		28DA4FFE2B26D1C20002FD96 /* GroupWorks.swift in Sources */ = {isa = PBXBuildFile; fileRef = 28DA4FFD2B26D1C20002FD96 /* GroupWorks.swift */; };
		28DA50002B26D1C20002FD96 /* TitleView.swift in Sources */ = {isa = PBXBuildFile; fileRef = 28DA4FFF2B26D1C20002FD96 /* TitleView.swift */; };
		28DA50022B26D1C30002FD96 /* Assets.xcassets in Resources */ = {isa = PBXBuildFile; fileRef = 28DA50012B26D1C30002FD96 /* Assets.xcassets */; };
		28DA50052B26D1C30002FD96 /* Preview Assets.xcassets in Resources */ = {isa = PBXBuildFile; fileRef = 28DA50042B26D1C30002FD96 /* Preview Assets.xcassets */; };
		28DA500F2B26D1C30002FD96 /* WorksAppTests.swift in Sources */ = {isa = PBXBuildFile; fileRef = 28DA500E2B26D1C30002FD96 /* WorksAppTests.swift */; };
		28DA50192B26D1C30002FD96 /* WorksAppUITests.swift in Sources */ = {isa = PBXBuildFile; fileRef = 28DA50182B26D1C30002FD96 /* WorksAppUITests.swift */; };
		28DA501B2B26D1C30002FD96 /* WorksAppUITestsLaunchTests.swift in Sources */ = {isa = PBXBuildFile; fileRef = 28DA501A2B26D1C30002FD96 /* WorksAppUITestsLaunchTests.swift */; };
/* End PBXBuildFile section */

/* Begin PBXContainerItemProxy section */
		28DA500B2B26D1C30002FD96 /* PBXContainerItemProxy */ = {
			isa = PBXContainerItemProxy;
			containerPortal = 28DA4FF22B26D1C20002FD96 /* Project object */;
			proxyType = 1;
			remoteGlobalIDString = 28DA4FF92B26D1C20002FD96;
			remoteInfo = WorksApp;
		};
		28DA50152B26D1C30002FD96 /* PBXContainerItemProxy */ = {
			isa = PBXContainerItemProxy;
			containerPortal = 28DA4FF22B26D1C20002FD96 /* Project object */;
			proxyType = 1;
			remoteGlobalIDString = 28DA4FF92B26D1C20002FD96;
			remoteInfo = WorksApp;
		};
/* End PBXContainerItemProxy section */

/* Begin PBXFileReference section */
		28AB5AFA2B480E6E00CB4240 /* TitleViewModel.swift */ = {isa = PBXFileReference; lastKnownFileType = sourcecode.swift; path = TitleViewModel.swift; sourceTree = "<group>"; };
		28AB5AFC2B480EC400CB4240 /* User.swift */ = {isa = PBXFileReference; lastKnownFileType = sourcecode.swift; path = User.swift; sourceTree = "<group>"; };
		28AB5AFE2B480ED500CB4240 /* Chat.swift */ = {isa = PBXFileReference; lastKnownFileType = sourcecode.swift; path = Chat.swift; sourceTree = "<group>"; };
		28AB5B002B480EF000CB4240 /* Message.swift */ = {isa = PBXFileReference; lastKnownFileType = sourcecode.swift; path = Message.swift; sourceTree = "<group>"; };
		28AB5B022B4836FF00CB4240 /* Settings.plist */ = {isa = PBXFileReference; lastKnownFileType = text.plist.xml; path = Settings.plist; sourceTree = "<group>"; };
		28AB5B062B52BB5B00CB4240 /* ChatView.swift */ = {isa = PBXFileReference; lastKnownFileType = sourcecode.swift; path = ChatView.swift; sourceTree = "<group>"; };
		28AB5B082B52C0B700CB4240 /* MessageRow.swift */ = {isa = PBXFileReference; lastKnownFileType = sourcecode.swift; path = MessageRow.swift; sourceTree = "<group>"; };
		28C7D9242B6265F600410D9A /* HomeView.swift */ = {isa = PBXFileReference; lastKnownFileType = sourcecode.swift; path = HomeView.swift; sourceTree = "<group>"; };
		28C7D9262B62661400410D9A /* TimeLineView.swift */ = {isa = PBXFileReference; lastKnownFileType = sourcecode.swift; path = TimeLineView.swift; sourceTree = "<group>"; };
		28C7D9282B628C6C00410D9A /* TabView.swift */ = {isa = PBXFileReference; lastKnownFileType = sourcecode.swift; path = TabView.swift; sourceTree = "<group>"; };
		28DA4FFA2B26D1C20002FD96 /* GroupWorks.app */ = {isa = PBXFileReference; explicitFileType = wrapper.application; includeInIndex = 0; path = GroupWorks.app; sourceTree = BUILT_PRODUCTS_DIR; };
		28DA4FFD2B26D1C20002FD96 /* GroupWorks.swift */ = {isa = PBXFileReference; lastKnownFileType = sourcecode.swift; path = GroupWorks.swift; sourceTree = "<group>"; };
		28DA4FFF2B26D1C20002FD96 /* TitleView.swift */ = {isa = PBXFileReference; lastKnownFileType = sourcecode.swift; path = TitleView.swift; sourceTree = "<group>"; };
		28DA50012B26D1C30002FD96 /* Assets.xcassets */ = {isa = PBXFileReference; lastKnownFileType = folder.assetcatalog; path = Assets.xcassets; sourceTree = "<group>"; };
		28DA50042B26D1C30002FD96 /* Preview Assets.xcassets */ = {isa = PBXFileReference; lastKnownFileType = folder.assetcatalog; path = "Preview Assets.xcassets"; sourceTree = "<group>"; };
		28DA500A2B26D1C30002FD96 /* GroupWorksTests.xctest */ = {isa = PBXFileReference; explicitFileType = wrapper.cfbundle; includeInIndex = 0; path = GroupWorksTests.xctest; sourceTree = BUILT_PRODUCTS_DIR; };
		28DA500E2B26D1C30002FD96 /* WorksAppTests.swift */ = {isa = PBXFileReference; lastKnownFileType = sourcecode.swift; path = WorksAppTests.swift; sourceTree = "<group>"; };
		28DA50142B26D1C30002FD96 /* GroupWorksUITests.xctest */ = {isa = PBXFileReference; explicitFileType = wrapper.cfbundle; includeInIndex = 0; path = GroupWorksUITests.xctest; sourceTree = BUILT_PRODUCTS_DIR; };
		28DA50182B26D1C30002FD96 /* WorksAppUITests.swift */ = {isa = PBXFileReference; lastKnownFileType = sourcecode.swift; path = WorksAppUITests.swift; sourceTree = "<group>"; };
		28DA501A2B26D1C30002FD96 /* WorksAppUITestsLaunchTests.swift */ = {isa = PBXFileReference; lastKnownFileType = sourcecode.swift; path = WorksAppUITestsLaunchTests.swift; sourceTree = "<group>"; };
/* End PBXFileReference section */

/* Begin PBXFrameworksBuildPhase section */
		28DA4FF72B26D1C20002FD96 /* Frameworks */ = {
			isa = PBXFrameworksBuildPhase;
			buildActionMask = 2147483647;
			files = (
			);
			runOnlyForDeploymentPostprocessing = 0;
		};
		28DA50072B26D1C30002FD96 /* Frameworks */ = {
			isa = PBXFrameworksBuildPhase;
			buildActionMask = 2147483647;
			files = (
			);
			runOnlyForDeploymentPostprocessing = 0;
		};
		28DA50112B26D1C30002FD96 /* Frameworks */ = {
			isa = PBXFrameworksBuildPhase;
			buildActionMask = 2147483647;
			files = (
			);
			runOnlyForDeploymentPostprocessing = 0;
		};
/* End PBXFrameworksBuildPhase section */

/* Begin PBXGroup section */
		28AB5AF72B480BC600CB4240 /* Views */ = {
			isa = PBXGroup;
			children = (
				28DA4FFF2B26D1C20002FD96 /* TitleView.swift */,
				28AB5B062B52BB5B00CB4240 /* ChatView.swift */,
				28AB5B082B52C0B700CB4240 /* MessageRow.swift */,
				28C7D9242B6265F600410D9A /* HomeView.swift */,
				28C7D9262B62661400410D9A /* TimeLineView.swift */,
				28C7D9282B628C6C00410D9A /* TabView.swift */,
			);
			path = Views;
			sourceTree = "<group>";
		};
		28AB5AF82B480BCF00CB4240 /* Models */ = {
			isa = PBXGroup;
			children = (
				28AB5AFC2B480EC400CB4240 /* User.swift */,
				28AB5AFE2B480ED500CB4240 /* Chat.swift */,
				28AB5B002B480EF000CB4240 /* Message.swift */,
			);
			path = Models;
			sourceTree = "<group>";
		};
		28AB5AF92B480BEF00CB4240 /* ViewModels */ = {
			isa = PBXGroup;
			children = (
				28AB5AFA2B480E6E00CB4240 /* TitleViewModel.swift */,
			);
			path = ViewModels;
			sourceTree = "<group>";
		};
		28DA4FF12B26D1C20002FD96 = {
			isa = PBXGroup;
			children = (
				28AB5B022B4836FF00CB4240 /* Settings.plist */,
				28DA4FFC2B26D1C20002FD96 /* GroupWorks */,
				28DA500D2B26D1C30002FD96 /* WorksAppTests */,
				28DA50172B26D1C30002FD96 /* WorksAppUITests */,
				28DA4FFB2B26D1C20002FD96 /* Products */,
			);
			sourceTree = "<group>";
		};
		28DA4FFB2B26D1C20002FD96 /* Products */ = {
			isa = PBXGroup;
			children = (
				28DA4FFA2B26D1C20002FD96 /* GroupWorks.app */,
				28DA500A2B26D1C30002FD96 /* GroupWorksTests.xctest */,
				28DA50142B26D1C30002FD96 /* GroupWorksUITests.xctest */,
			);
			name = Products;
			sourceTree = "<group>";
		};
		28DA4FFC2B26D1C20002FD96 /* GroupWorks */ = {
			isa = PBXGroup;
			children = (
				28AB5AF82B480BCF00CB4240 /* Models */,
				28AB5AF72B480BC600CB4240 /* Views */,
				28AB5AF92B480BEF00CB4240 /* ViewModels */,
				28DA4FFD2B26D1C20002FD96 /* GroupWorks.swift */,
				28DA50012B26D1C30002FD96 /* Assets.xcassets */,
				28DA50032B26D1C30002FD96 /* Preview Content */,
			);
			path = GroupWorks;
			sourceTree = "<group>";
		};
		28DA50032B26D1C30002FD96 /* Preview Content */ = {
			isa = PBXGroup;
			children = (
				28DA50042B26D1C30002FD96 /* Preview Assets.xcassets */,
			);
			path = "Preview Content";
			sourceTree = "<group>";
		};
		28DA500D2B26D1C30002FD96 /* WorksAppTests */ = {
			isa = PBXGroup;
			children = (
				28DA500E2B26D1C30002FD96 /* WorksAppTests.swift */,
			);
			path = WorksAppTests;
			sourceTree = "<group>";
		};
		28DA50172B26D1C30002FD96 /* WorksAppUITests */ = {
			isa = PBXGroup;
			children = (
				28DA50182B26D1C30002FD96 /* WorksAppUITests.swift */,
				28DA501A2B26D1C30002FD96 /* WorksAppUITestsLaunchTests.swift */,
			);
			path = WorksAppUITests;
			sourceTree = "<group>";
		};
/* End PBXGroup section */

/* Begin PBXNativeTarget section */
		28DA4FF92B26D1C20002FD96 /* GroupWorks */ = {
			isa = PBXNativeTarget;
			buildConfigurationList = 28DA501E2B26D1C30002FD96 /* Build configuration list for PBXNativeTarget "GroupWorks" */;
			buildPhases = (
				28DA4FF62B26D1C20002FD96 /* Sources */,
				28DA4FF72B26D1C20002FD96 /* Frameworks */,
				28DA4FF82B26D1C20002FD96 /* Resources */,
			);
			buildRules = (
			);
			dependencies = (
			);
			name = GroupWorks;
			productName = WorksApp;
			productReference = 28DA4FFA2B26D1C20002FD96 /* GroupWorks.app */;
			productType = "com.apple.product-type.application";
		};
		28DA50092B26D1C30002FD96 /* GroupWorksTests */ = {
			isa = PBXNativeTarget;
			buildConfigurationList = 28DA50212B26D1C30002FD96 /* Build configuration list for PBXNativeTarget "GroupWorksTests" */;
			buildPhases = (
				28DA50062B26D1C30002FD96 /* Sources */,
				28DA50072B26D1C30002FD96 /* Frameworks */,
				28DA50082B26D1C30002FD96 /* Resources */,
			);
			buildRules = (
			);
			dependencies = (
				28DA500C2B26D1C30002FD96 /* PBXTargetDependency */,
			);
			name = GroupWorksTests;
			productName = WorksAppTests;
			productReference = 28DA500A2B26D1C30002FD96 /* GroupWorksTests.xctest */;
			productType = "com.apple.product-type.bundle.unit-test";
		};
		28DA50132B26D1C30002FD96 /* GroupWorksUITests */ = {
			isa = PBXNativeTarget;
			buildConfigurationList = 28DA50242B26D1C30002FD96 /* Build configuration list for PBXNativeTarget "GroupWorksUITests" */;
			buildPhases = (
				28DA50102B26D1C30002FD96 /* Sources */,
				28DA50112B26D1C30002FD96 /* Frameworks */,
				28DA50122B26D1C30002FD96 /* Resources */,
			);
			buildRules = (
			);
			dependencies = (
				28DA50162B26D1C30002FD96 /* PBXTargetDependency */,
			);
			name = GroupWorksUITests;
			productName = WorksAppUITests;
			productReference = 28DA50142B26D1C30002FD96 /* GroupWorksUITests.xctest */;
			productType = "com.apple.product-type.bundle.ui-testing";
		};
/* End PBXNativeTarget section */

/* Begin PBXProject section */
		28DA4FF22B26D1C20002FD96 /* Project object */ = {
			isa = PBXProject;
			attributes = {
				BuildIndependentTargetsInParallel = 1;
				LastSwiftUpdateCheck = 1500;
				LastUpgradeCheck = 1500;
				TargetAttributes = {
					28DA4FF92B26D1C20002FD96 = {
						CreatedOnToolsVersion = 15.0.1;
					};
					28DA50092B26D1C30002FD96 = {
						CreatedOnToolsVersion = 15.0.1;
						TestTargetID = 28DA4FF92B26D1C20002FD96;
					};
					28DA50132B26D1C30002FD96 = {
						CreatedOnToolsVersion = 15.0.1;
						TestTargetID = 28DA4FF92B26D1C20002FD96;
					};
				};
			};
			buildConfigurationList = 28DA4FF52B26D1C20002FD96 /* Build configuration list for PBXProject "GroupWorks" */;
			compatibilityVersion = "Xcode 14.0";
			developmentRegion = en;
			hasScannedForEncodings = 0;
			knownRegions = (
				en,
				Base,
			);
			mainGroup = 28DA4FF12B26D1C20002FD96;
			productRefGroup = 28DA4FFB2B26D1C20002FD96 /* Products */;
			projectDirPath = "";
			projectRoot = "";
			targets = (
				28DA4FF92B26D1C20002FD96 /* GroupWorks */,
				28DA50092B26D1C30002FD96 /* GroupWorksTests */,
				28DA50132B26D1C30002FD96 /* GroupWorksUITests */,
			);
		};
/* End PBXProject section */

/* Begin PBXResourcesBuildPhase section */
		28DA4FF82B26D1C20002FD96 /* Resources */ = {
			isa = PBXResourcesBuildPhase;
			buildActionMask = 2147483647;
			files = (
				28DA50052B26D1C30002FD96 /* Preview Assets.xcassets in Resources */,
				28DA50022B26D1C30002FD96 /* Assets.xcassets in Resources */,
				28AB5B032B4836FF00CB4240 /* Settings.plist in Resources */,
			);
			runOnlyForDeploymentPostprocessing = 0;
		};
		28DA50082B26D1C30002FD96 /* Resources */ = {
			isa = PBXResourcesBuildPhase;
			buildActionMask = 2147483647;
			files = (
			);
			runOnlyForDeploymentPostprocessing = 0;
		};
		28DA50122B26D1C30002FD96 /* Resources */ = {
			isa = PBXResourcesBuildPhase;
			buildActionMask = 2147483647;
			files = (
			);
			runOnlyForDeploymentPostprocessing = 0;
		};
/* End PBXResourcesBuildPhase section */

/* Begin PBXSourcesBuildPhase section */
		28DA4FF62B26D1C20002FD96 /* Sources */ = {
			isa = PBXSourcesBuildPhase;
			buildActionMask = 2147483647;
			files = (
				28C7D9292B628C6C00410D9A /* TabView.swift in Sources */,
				28C7D9252B6265F600410D9A /* HomeView.swift in Sources */,
				28AB5B092B52C0B800CB4240 /* MessageRow.swift in Sources */,
				28AB5AFD2B480EC400CB4240 /* User.swift in Sources */,
				28DA50002B26D1C20002FD96 /* TitleView.swift in Sources */,
				28DA4FFE2B26D1C20002FD96 /* GroupWorks.swift in Sources */,
				28AB5B072B52BB5B00CB4240 /* ChatView.swift in Sources */,
				28AB5B012B480EF000CB4240 /* Message.swift in Sources */,
				28AB5AFF2B480ED500CB4240 /* Chat.swift in Sources */,
				28AB5AFB2B480E6E00CB4240 /* TitleViewModel.swift in Sources */,
				28C7D9272B62661400410D9A /* TimeLineView.swift in Sources */,
			);
			runOnlyForDeploymentPostprocessing = 0;
		};
		28DA50062B26D1C30002FD96 /* Sources */ = {
			isa = PBXSourcesBuildPhase;
			buildActionMask = 2147483647;
			files = (
				28DA500F2B26D1C30002FD96 /* WorksAppTests.swift in Sources */,
			);
			runOnlyForDeploymentPostprocessing = 0;
		};
		28DA50102B26D1C30002FD96 /* Sources */ = {
			isa = PBXSourcesBuildPhase;
			buildActionMask = 2147483647;
			files = (
				28DA501B2B26D1C30002FD96 /* WorksAppUITestsLaunchTests.swift in Sources */,
				28DA50192B26D1C30002FD96 /* WorksAppUITests.swift in Sources */,
			);
			runOnlyForDeploymentPostprocessing = 0;
		};
/* End PBXSourcesBuildPhase section */

/* Begin PBXTargetDependency section */
		28DA500C2B26D1C30002FD96 /* PBXTargetDependency */ = {
			isa = PBXTargetDependency;
			target = 28DA4FF92B26D1C20002FD96 /* GroupWorks */;
			targetProxy = 28DA500B2B26D1C30002FD96 /* PBXContainerItemProxy */;
		};
		28DA50162B26D1C30002FD96 /* PBXTargetDependency */ = {
			isa = PBXTargetDependency;
			target = 28DA4FF92B26D1C20002FD96 /* GroupWorks */;
			targetProxy = 28DA50152B26D1C30002FD96 /* PBXContainerItemProxy */;
		};
/* End PBXTargetDependency section */

/* Begin XCBuildConfiguration section */
		28DA501C2B26D1C30002FD96 /* Debug */ = {
			isa = XCBuildConfiguration;
			buildSettings = {
				ALWAYS_SEARCH_USER_PATHS = NO;
				ASSETCATALOG_COMPILER_GENERATE_SWIFT_ASSET_SYMBOL_EXTENSIONS = YES;
				CLANG_ANALYZER_NONNULL = YES;
				CLANG_ANALYZER_NUMBER_OBJECT_CONVERSION = YES_AGGRESSIVE;
				CLANG_CXX_LANGUAGE_STANDARD = "gnu++20";
				CLANG_ENABLE_MODULES = YES;
				CLANG_ENABLE_OBJC_ARC = YES;
				CLANG_ENABLE_OBJC_WEAK = YES;
				CLANG_WARN_BLOCK_CAPTURE_AUTORELEASING = YES;
				CLANG_WARN_BOOL_CONVERSION = YES;
				CLANG_WARN_COMMA = YES;
				CLANG_WARN_CONSTANT_CONVERSION = YES;
				CLANG_WARN_DEPRECATED_OBJC_IMPLEMENTATIONS = YES;
				CLANG_WARN_DIRECT_OBJC_ISA_USAGE = YES_ERROR;
				CLANG_WARN_DOCUMENTATION_COMMENTS = YES;
				CLANG_WARN_EMPTY_BODY = YES;
				CLANG_WARN_ENUM_CONVERSION = YES;
				CLANG_WARN_INFINITE_RECURSION = YES;
				CLANG_WARN_INT_CONVERSION = YES;
				CLANG_WARN_NON_LITERAL_NULL_CONVERSION = YES;
				CLANG_WARN_OBJC_IMPLICIT_RETAIN_SELF = YES;
				CLANG_WARN_OBJC_LITERAL_CONVERSION = YES;
				CLANG_WARN_OBJC_ROOT_CLASS = YES_ERROR;
				CLANG_WARN_QUOTED_INCLUDE_IN_FRAMEWORK_HEADER = YES;
				CLANG_WARN_RANGE_LOOP_ANALYSIS = YES;
				CLANG_WARN_STRICT_PROTOTYPES = YES;
				CLANG_WARN_SUSPICIOUS_MOVE = YES;
				CLANG_WARN_UNGUARDED_AVAILABILITY = YES_AGGRESSIVE;
				CLANG_WARN_UNREACHABLE_CODE = YES;
				CLANG_WARN__DUPLICATE_METHOD_MATCH = YES;
				COPY_PHASE_STRIP = NO;
				DEBUG_INFORMATION_FORMAT = dwarf;
				ENABLE_STRICT_OBJC_MSGSEND = YES;
				ENABLE_TESTABILITY = YES;
				ENABLE_USER_SCRIPT_SANDBOXING = YES;
				GCC_C_LANGUAGE_STANDARD = gnu17;
				GCC_DYNAMIC_NO_PIC = NO;
				GCC_NO_COMMON_BLOCKS = YES;
				GCC_OPTIMIZATION_LEVEL = 0;
				GCC_PREPROCESSOR_DEFINITIONS = (
					"DEBUG=1",
					"$(inherited)",
				);
				GCC_WARN_64_TO_32_BIT_CONVERSION = YES;
				GCC_WARN_ABOUT_RETURN_TYPE = YES_ERROR;
				GCC_WARN_UNDECLARED_SELECTOR = YES;
				GCC_WARN_UNINITIALIZED_AUTOS = YES_AGGRESSIVE;
				GCC_WARN_UNUSED_FUNCTION = YES;
				GCC_WARN_UNUSED_VARIABLE = YES;
				IPHONEOS_DEPLOYMENT_TARGET = 17.0;
				LOCALIZATION_PREFERS_STRING_CATALOGS = YES;
				MTL_ENABLE_DEBUG_INFO = INCLUDE_SOURCE;
				MTL_FAST_MATH = YES;
				ONLY_ACTIVE_ARCH = YES;
				SDKROOT = iphoneos;
				SWIFT_ACTIVE_COMPILATION_CONDITIONS = "DEBUG $(inherited)";
				SWIFT_OPTIMIZATION_LEVEL = "-Onone";
			};
			name = Debug;
		};
		28DA501D2B26D1C30002FD96 /* Release */ = {
			isa = XCBuildConfiguration;
			buildSettings = {
				ALWAYS_SEARCH_USER_PATHS = NO;
				ASSETCATALOG_COMPILER_GENERATE_SWIFT_ASSET_SYMBOL_EXTENSIONS = YES;
				CLANG_ANALYZER_NONNULL = YES;
				CLANG_ANALYZER_NUMBER_OBJECT_CONVERSION = YES_AGGRESSIVE;
				CLANG_CXX_LANGUAGE_STANDARD = "gnu++20";
				CLANG_ENABLE_MODULES = YES;
				CLANG_ENABLE_OBJC_ARC = YES;
				CLANG_ENABLE_OBJC_WEAK = YES;
				CLANG_WARN_BLOCK_CAPTURE_AUTORELEASING = YES;
				CLANG_WARN_BOOL_CONVERSION = YES;
				CLANG_WARN_COMMA = YES;
				CLANG_WARN_CONSTANT_CONVERSION = YES;
				CLANG_WARN_DEPRECATED_OBJC_IMPLEMENTATIONS = YES;
				CLANG_WARN_DIRECT_OBJC_ISA_USAGE = YES_ERROR;
				CLANG_WARN_DOCUMENTATION_COMMENTS = YES;
				CLANG_WARN_EMPTY_BODY = YES;
				CLANG_WARN_ENUM_CONVERSION = YES;
				CLANG_WARN_INFINITE_RECURSION = YES;
				CLANG_WARN_INT_CONVERSION = YES;
				CLANG_WARN_NON_LITERAL_NULL_CONVERSION = YES;
				CLANG_WARN_OBJC_IMPLICIT_RETAIN_SELF = YES;
				CLANG_WARN_OBJC_LITERAL_CONVERSION = YES;
				CLANG_WARN_OBJC_ROOT_CLASS = YES_ERROR;
				CLANG_WARN_QUOTED_INCLUDE_IN_FRAMEWORK_HEADER = YES;
				CLANG_WARN_RANGE_LOOP_ANALYSIS = YES;
				CLANG_WARN_STRICT_PROTOTYPES = YES;
				CLANG_WARN_SUSPICIOUS_MOVE = YES;
				CLANG_WARN_UNGUARDED_AVAILABILITY = YES_AGGRESSIVE;
				CLANG_WARN_UNREACHABLE_CODE = YES;
				CLANG_WARN__DUPLICATE_METHOD_MATCH = YES;
				COPY_PHASE_STRIP = NO;
				DEBUG_INFORMATION_FORMAT = "dwarf-with-dsym";
				ENABLE_NS_ASSERTIONS = NO;
				ENABLE_STRICT_OBJC_MSGSEND = YES;
				ENABLE_USER_SCRIPT_SANDBOXING = YES;
				GCC_C_LANGUAGE_STANDARD = gnu17;
				GCC_NO_COMMON_BLOCKS = YES;
				GCC_WARN_64_TO_32_BIT_CONVERSION = YES;
				GCC_WARN_ABOUT_RETURN_TYPE = YES_ERROR;
				GCC_WARN_UNDECLARED_SELECTOR = YES;
				GCC_WARN_UNINITIALIZED_AUTOS = YES_AGGRESSIVE;
				GCC_WARN_UNUSED_FUNCTION = YES;
				GCC_WARN_UNUSED_VARIABLE = YES;
				IPHONEOS_DEPLOYMENT_TARGET = 17.0;
				LOCALIZATION_PREFERS_STRING_CATALOGS = YES;
				MTL_ENABLE_DEBUG_INFO = NO;
				MTL_FAST_MATH = YES;
				SDKROOT = iphoneos;
				SWIFT_COMPILATION_MODE = wholemodule;
				VALIDATE_PRODUCT = YES;
			};
			name = Release;
		};
		28DA501F2B26D1C30002FD96 /* Debug */ = {
			isa = XCBuildConfiguration;
			buildSettings = {
				ASSETCATALOG_COMPILER_APPICON_NAME = AppIcon;
				ASSETCATALOG_COMPILER_GLOBAL_ACCENT_COLOR_NAME = AccentColor;
				CODE_SIGN_STYLE = Automatic;
				CURRENT_PROJECT_VERSION = 1;
				DEVELOPMENT_ASSET_PATHS = "\"GroupWorks/Preview Content\"";
				ENABLE_PREVIEWS = YES;
				GENERATE_INFOPLIST_FILE = YES;
				INFOPLIST_KEY_UIApplicationSceneManifest_Generation = YES;
				INFOPLIST_KEY_UIApplicationSupportsIndirectInputEvents = YES;
				INFOPLIST_KEY_UILaunchScreen_Generation = YES;
				INFOPLIST_KEY_UISupportedInterfaceOrientations_iPad = "UIInterfaceOrientationPortrait UIInterfaceOrientationPortraitUpsideDown UIInterfaceOrientationLandscapeLeft UIInterfaceOrientationLandscapeRight";
				INFOPLIST_KEY_UISupportedInterfaceOrientations_iPhone = "UIInterfaceOrientationPortrait UIInterfaceOrientationLandscapeLeft UIInterfaceOrientationLandscapeRight";
				LD_RUNPATH_SEARCH_PATHS = (
					"$(inherited)",
					"@executable_path/Frameworks",
				);
				MARKETING_VERSION = 1.0;
				PRODUCT_BUNDLE_IDENTIFIER = nijitoumi.WorksApp;
				PRODUCT_NAME = "$(TARGET_NAME)";
				SWIFT_EMIT_LOC_STRINGS = YES;
				SWIFT_VERSION = 5.0;
				TARGETED_DEVICE_FAMILY = "1,2";
			};
			name = Debug;
		};
		28DA50202B26D1C30002FD96 /* Release */ = {
			isa = XCBuildConfiguration;
			buildSettings = {
				ASSETCATALOG_COMPILER_APPICON_NAME = AppIcon;
				ASSETCATALOG_COMPILER_GLOBAL_ACCENT_COLOR_NAME = AccentColor;
				CODE_SIGN_STYLE = Automatic;
				CURRENT_PROJECT_VERSION = 1;
				DEVELOPMENT_ASSET_PATHS = "\"GroupWorks/Preview Content\"";
				ENABLE_PREVIEWS = YES;
				GENERATE_INFOPLIST_FILE = YES;
				INFOPLIST_KEY_UIApplicationSceneManifest_Generation = YES;
				INFOPLIST_KEY_UIApplicationSupportsIndirectInputEvents = YES;
				INFOPLIST_KEY_UILaunchScreen_Generation = YES;
				INFOPLIST_KEY_UISupportedInterfaceOrientations_iPad = "UIInterfaceOrientationPortrait UIInterfaceOrientationPortraitUpsideDown UIInterfaceOrientationLandscapeLeft UIInterfaceOrientationLandscapeRight";
				INFOPLIST_KEY_UISupportedInterfaceOrientations_iPhone = "UIInterfaceOrientationPortrait UIInterfaceOrientationLandscapeLeft UIInterfaceOrientationLandscapeRight";
				LD_RUNPATH_SEARCH_PATHS = (
					"$(inherited)",
					"@executable_path/Frameworks",
				);
				MARKETING_VERSION = 1.0;
				PRODUCT_BUNDLE_IDENTIFIER = nijitoumi.WorksApp;
				PRODUCT_NAME = "$(TARGET_NAME)";
				SWIFT_EMIT_LOC_STRINGS = YES;
				SWIFT_VERSION = 5.0;
				TARGETED_DEVICE_FAMILY = "1,2";
			};
			name = Release;
		};
		28DA50222B26D1C30002FD96 /* Debug */ = {
			isa = XCBuildConfiguration;
			buildSettings = {
				ALWAYS_EMBED_SWIFT_STANDARD_LIBRARIES = YES;
				BUNDLE_LOADER = "$(TEST_HOST)";
				CODE_SIGN_STYLE = Automatic;
				CURRENT_PROJECT_VERSION = 1;
				GENERATE_INFOPLIST_FILE = YES;
				IPHONEOS_DEPLOYMENT_TARGET = 17.0;
				MARKETING_VERSION = 1.0;
				PRODUCT_BUNDLE_IDENTIFIER = nijitoumi.WorksAppTests;
				PRODUCT_NAME = "$(TARGET_NAME)";
				SWIFT_EMIT_LOC_STRINGS = NO;
				SWIFT_VERSION = 5.0;
				TARGETED_DEVICE_FAMILY = "1,2";
				TEST_HOST = "$(BUILT_PRODUCTS_DIR)/GroupWorks.app/$(BUNDLE_EXECUTABLE_FOLDER_PATH)/GroupWorks";
			};
			name = Debug;
		};
		28DA50232B26D1C30002FD96 /* Release */ = {
			isa = XCBuildConfiguration;
			buildSettings = {
				ALWAYS_EMBED_SWIFT_STANDARD_LIBRARIES = YES;
				BUNDLE_LOADER = "$(TEST_HOST)";
				CODE_SIGN_STYLE = Automatic;
				CURRENT_PROJECT_VERSION = 1;
				GENERATE_INFOPLIST_FILE = YES;
				IPHONEOS_DEPLOYMENT_TARGET = 17.0;
				MARKETING_VERSION = 1.0;
				PRODUCT_BUNDLE_IDENTIFIER = nijitoumi.WorksAppTests;
				PRODUCT_NAME = "$(TARGET_NAME)";
				SWIFT_EMIT_LOC_STRINGS = NO;
				SWIFT_VERSION = 5.0;
				TARGETED_DEVICE_FAMILY = "1,2";
				TEST_HOST = "$(BUILT_PRODUCTS_DIR)/GroupWorks.app/$(BUNDLE_EXECUTABLE_FOLDER_PATH)/GroupWorks";
			};
			name = Release;
		};
		28DA50252B26D1C30002FD96 /* Debug */ = {
			isa = XCBuildConfiguration;
			buildSettings = {
				ALWAYS_EMBED_SWIFT_STANDARD_LIBRARIES = YES;
				CODE_SIGN_STYLE = Automatic;
				CURRENT_PROJECT_VERSION = 1;
				GENERATE_INFOPLIST_FILE = YES;
				MARKETING_VERSION = 1.0;
				PRODUCT_BUNDLE_IDENTIFIER = nijitoumi.WorksAppUITests;
				PRODUCT_NAME = "$(TARGET_NAME)";
				SWIFT_EMIT_LOC_STRINGS = NO;
				SWIFT_VERSION = 5.0;
				TARGETED_DEVICE_FAMILY = "1,2";
				TEST_TARGET_NAME = WorksApp;
			};
			name = Debug;
		};
		28DA50262B26D1C30002FD96 /* Release */ = {
			isa = XCBuildConfiguration;
			buildSettings = {
				ALWAYS_EMBED_SWIFT_STANDARD_LIBRARIES = YES;
				CODE_SIGN_STYLE = Automatic;
				CURRENT_PROJECT_VERSION = 1;
				GENERATE_INFOPLIST_FILE = YES;
				MARKETING_VERSION = 1.0;
				PRODUCT_BUNDLE_IDENTIFIER = nijitoumi.WorksAppUITests;
				PRODUCT_NAME = "$(TARGET_NAME)";
				SWIFT_EMIT_LOC_STRINGS = NO;
				SWIFT_VERSION = 5.0;
				TARGETED_DEVICE_FAMILY = "1,2";
				TEST_TARGET_NAME = WorksApp;
			};
			name = Release;
		};
/* End XCBuildConfiguration section */

/* Begin XCConfigurationList section */
		28DA4FF52B26D1C20002FD96 /* Build configuration list for PBXProject "GroupWorks" */ = {
			isa = XCConfigurationList;
			buildConfigurations = (
				28DA501C2B26D1C30002FD96 /* Debug */,
				28DA501D2B26D1C30002FD96 /* Release */,
			);
			defaultConfigurationIsVisible = 0;
			defaultConfigurationName = Release;
		};
		28DA501E2B26D1C30002FD96 /* Build configuration list for PBXNativeTarget "GroupWorks" */ = {
			isa = XCConfigurationList;
			buildConfigurations = (
				28DA501F2B26D1C30002FD96 /* Debug */,
				28DA50202B26D1C30002FD96 /* Release */,
			);
			defaultConfigurationIsVisible = 0;
			defaultConfigurationName = Release;
		};
		28DA50212B26D1C30002FD96 /* Build configuration list for PBXNativeTarget "GroupWorksTests" */ = {
			isa = XCConfigurationList;
			buildConfigurations = (
				28DA50222B26D1C30002FD96 /* Debug */,
				28DA50232B26D1C30002FD96 /* Release */,
			);
			defaultConfigurationIsVisible = 0;
			defaultConfigurationName = Release;
		};
		28DA50242B26D1C30002FD96 /* Build configuration list for PBXNativeTarget "GroupWorksUITests" */ = {
			isa = XCConfigurationList;
			buildConfigurations = (
				28DA50252B26D1C30002FD96 /* Debug */,
				28DA50262B26D1C30002FD96 /* Release */,
			);
			defaultConfigurationIsVisible = 0;
			defaultConfigurationName = Release;
		};
/* End XCConfigurationList section */
	};
	rootObject = 28DA4FF22B26D1C20002FD96 /* Project object */;
}
